<?xml version="1.0" encoding="utf-8"?>
<Project ToolsVersion="4.0" xmlns="http://schemas.microsoft.com/developer/msbuild/2003">
  <ItemGroup>
    <Filter Include="Source Files">
      <UniqueIdentifier>{4FC737F1-C7A5-4376-A066-2A32D752A2FF}</UniqueIdentifier>
      <Extensions>cpp;c;cc;cxx;c++;cppm;ixx;def;odl;idl;hpj;bat;asm;asmx</Extensions>
    </Filter>
    <Filter Include="Header Files">
      <UniqueIdentifier>{93995380-89BD-4b04-88EB-625FBE52EBFB}</UniqueIdentifier>
      <Extensions>h;hh;hpp;hxx;h++;hm;inl;inc;ipp;xsd</Extensions>
    </Filter>
    <Filter Include="Resource Files">
      <UniqueIdentifier>{67DA6AB6-F800-4c08-8B7A-83BB121AAD01}</UniqueIdentifier>
      <Extensions>rc;ico;cur;bmp;dlg;rc2;rct;bin;rgs;gif;jpg;jpeg;jpe;resx;tiff;tif;png;wav;mfcribbon-ms</Extensions>
    </Filter>
  </ItemGroup>
  <ItemGroup>
    <ClCompile Include="Source.cpp">
      <Filter>Source Files</Filter>
    </ClCompile>
    <ClCompile Include="src\Game.cpp">
      <Filter>Source Files</Filter>
    </ClCompile>
    <ClCompile Include="src\GameObject.cpp">
      <Filter>Source Files</Filter>
    </ClCompile>
    <ClCompile Include="src\Component.cpp">
      <Filter>Source Files</Filter>
    </ClCompile>
    <ClCompile Include="src\SpriteComponent.cpp">
      <Filter>Source Files</Filter>
    </ClCompile>
    <ClCompile Include="src\CustomMath.cpp">
      <Filter>Source Files</Filter>
    </ClCompile>
    <ClCompile Include="src\AnimatorComponent.cpp">
      <Filter>Source Files</Filter>
    </ClCompile>
    <ClCompile Include="src\BackgroundSpriteComponent.cpp">
      <Filter>Source Files</Filter>
    </ClCompile>
    <ClCompile Include="src\Ship.cpp">
      <Filter>Source Files</Filter>
    </ClCompile>
    <ClCompile Include="EsstenialMath.cpp">
      <Filter>Source Files</Filter>
    </ClCompile>
    <ClCompile Include="src\Animation.cpp">
      <Filter>Source Files</Filter>
    </ClCompile>
    <ClCompile Include="src\TileMapComponent.cpp">
      <Filter>Source Files</Filter>
    </ClCompile>
    <ClCompile Include="src\TransformComponent.cpp">
      <Filter>Source Files</Filter>
    </ClCompile>
    <ClCompile Include="src\MoveComponent.cpp">
      <Filter>Source Files</Filter>
    </ClCompile>
    <ClCompile Include="src\Asteroid.cpp">
      <Filter>Source Files</Filter>
    </ClCompile>
    <ClCompile Include="src\Random.cpp">
      <Filter>Source Files</Filter>
    </ClCompile>
    <ClCompile Include="src\InputComponent.cpp">
      <Filter>Source Files</Filter>
    </ClCompile>
    <ClCompile Include="src\CircleComponent.cpp">
      <Filter>Source Files</Filter>
    </ClCompile>
    <ClCompile Include="src\Laser.cpp">
      <Filter>Source Files</Filter>
    </ClCompile>
    <ClCompile Include="src\CooldownManager.cpp">
      <Filter>Source Files</Filter>
    </ClCompile>
    <ClCompile Include="src\ICooldownable.cpp">
      <Filter>Source Files</Filter>
    </ClCompile>
    <ClCompile Include="src\VertexArray.cpp">
      <Filter>Source Files</Filter>
    </ClCompile>
    <ClCompile Include="src\Shader.cpp">
      <Filter>Source Files</Filter>
    </ClCompile>
    <ClCompile Include="src\Texture.cpp">
      <Filter>Source Files</Filter>
    </ClCompile>
    <ClCompile Include="src\Mesh.cpp">
      <Filter>Source Files</Filter>
    </ClCompile>
    <ClCompile Include="src\Renderer.cpp">
      <Filter>Source Files</Filter>
    </ClCompile>
    <ClCompile Include="src\MeshComponent.cpp">
      <Filter>Source Files</Filter>
    </ClCompile>
    <ClCompile Include="src\Sphere.cpp">
      <Filter>Source Files</Filter>
    </ClCompile>
    <ClCompile Include="src\Cube.cpp">
      <Filter>Source Files</Filter>
    </ClCompile>
    <ClCompile Include="src\Icon.cpp">
      <Filter>Source Files</Filter>
    </ClCompile>
    <ClCompile Include="src\Level.cpp">
      <Filter>Source Files</Filter>
    </ClCompile>
    <ClCompile Include="src\Decoration.cpp">
      <Filter>Source Files</Filter>
    </ClCompile>
    <ClCompile Include="src\Camera.cpp">
      <Filter>Source Files</Filter>
    </ClCompile>
    <ClCompile Include="src\BasicShader.cpp">
      <Filter>Source Files</Filter>
    </ClCompile>
    <ClCompile Include="src\PhongShader.cpp">
      <Filter>Source Files</Filter>
    </ClCompile>
    <ClCompile Include="src\AudioSystem.cpp">
      <Filter>Source Files</Filter>
    </ClCompile>
    <ClCompile Include="src\SoundEvent.cpp">
      <Filter>Source Files</Filter>
    </ClCompile>
    <ClCompile Include="src\AudioComponent.cpp">
      <Filter>Source Files</Filter>
    </ClCompile>
    <ClCompile Include="src\InputSystem.cpp">
      <Filter>Source Files</Filter>
    </ClCompile>
    <ClCompile Include="src\KeyboardState.cpp">
      <Filter>Source Files</Filter>
    </ClCompile>
    <ClCompile Include="src\MouseState.cpp">
      <Filter>Source Files</Filter>
    </ClCompile>
    <ClCompile Include="src\ControllerState.cpp">
      <Filter>Source Files</Filter>
    </ClCompile>
    <ClCompile Include="src\InputObserver.cpp">
      <Filter>Source Files</Filter>
    </ClCompile>
    <ClCompile Include="src\Subject.cpp">
      <Filter>Source Files</Filter>
    </ClCompile>
    <ClCompile Include="src\ControlState.cpp">
      <Filter>Source Files</Filter>
    </ClCompile>
    <ClCompile Include="src\KeyboardControlState.cpp">
      <Filter>Source Files</Filter>
    </ClCompile>
    <ClCompile Include="src\ControllerControlState.cpp">
      <Filter>Source Files</Filter>
    </ClCompile>
    <ClCompile Include="src\CameraComponent.cpp">
      <Filter>Source Files</Filter>
    </ClCompile>
    <ClCompile Include="src\FPSCameraComponent.cpp">
      <Filter>Source Files</Filter>
    </ClCompile>
  </ItemGroup>
  <ItemGroup>
    <ClInclude Include="include\Game.h">
      <Filter>Header Files</Filter>
    </ClInclude>
    <ClInclude Include="include\GameObject.h">
      <Filter>Header Files</Filter>
    </ClInclude>
    <ClInclude Include="include\Component.h">
      <Filter>Header Files</Filter>
    </ClInclude>
    <ClInclude Include="include\SpriteComponent.h">
      <Filter>Header Files</Filter>
    </ClInclude>
    <ClInclude Include="include\CustomMath.h">
      <Filter>Header Files</Filter>
    </ClInclude>
    <ClInclude Include="include\AnimatorComponent.h">
      <Filter>Header Files</Filter>
    </ClInclude>
    <ClInclude Include="include\BackgroundSpriteComponent.h">
      <Filter>Header Files</Filter>
    </ClInclude>
    <ClInclude Include="include\Ship.h">
      <Filter>Header Files</Filter>
    </ClInclude>
    <ClInclude Include="src\EsstenialMath.h">
      <Filter>Header Files</Filter>
    </ClInclude>
    <ClInclude Include="include\Animation.h">
      <Filter>Header Files</Filter>
    </ClInclude>
    <ClInclude Include="include\TileMapComponent.h">
      <Filter>Header Files</Filter>
    </ClInclude>
    <ClInclude Include="include\TransformComponent.h">
      <Filter>Header Files</Filter>
    </ClInclude>
    <ClInclude Include="include\MoveComponent.h">
      <Filter>Header Files</Filter>
    </ClInclude>
    <ClInclude Include="include\Asteroid.h">
      <Filter>Header Files</Filter>
    </ClInclude>
    <ClInclude Include="include\Random.h">
      <Filter>Header Files</Filter>
    </ClInclude>
    <ClInclude Include="include\InputComponent.h">
      <Filter>Header Files</Filter>
    </ClInclude>
    <ClInclude Include="include\CircleComponent.h">
      <Filter>Header Files</Filter>
    </ClInclude>
    <ClInclude Include="include\Laser.h">
      <Filter>Header Files</Filter>
    </ClInclude>
    <ClInclude Include="include\CooldownManager.h">
      <Filter>Header Files</Filter>
    </ClInclude>
    <ClInclude Include="include\ICooldownable.h">
      <Filter>Header Files</Filter>
    </ClInclude>
    <ClInclude Include="include\VertexArray.h">
      <Filter>Header Files</Filter>
    </ClInclude>
    <ClInclude Include="include\Shader.h">
      <Filter>Header Files</Filter>
    </ClInclude>
    <ClInclude Include="include\Texture.h">
      <Filter>Header Files</Filter>
    </ClInclude>
    <ClInclude Include="include\Mesh.h">
      <Filter>Header Files</Filter>
    </ClInclude>
    <ClInclude Include="include\Renderer.h">
      <Filter>Header Files</Filter>
    </ClInclude>
    <ClInclude Include="include\MeshComponent.h">
      <Filter>Header Files</Filter>
    </ClInclude>
    <ClInclude Include="include\Sphere.h">
      <Filter>Header Files</Filter>
    </ClInclude>
    <ClInclude Include="include\Cube.h">
      <Filter>Header Files</Filter>
    </ClInclude>
    <ClInclude Include="include\Icon.h">
      <Filter>Header Files</Filter>
    </ClInclude>
    <ClInclude Include="include\Level.h">
      <Filter>Header Files</Filter>
    </ClInclude>
    <ClInclude Include="include\Decoration.h">
      <Filter>Header Files</Filter>
    </ClInclude>
    <ClInclude Include="include\Camera.h">
      <Filter>Header Files</Filter>
    </ClInclude>
    <ClInclude Include="include\BasicShader.h">
      <Filter>Header Files</Filter>
    </ClInclude>
    <ClInclude Include="include\PhongShader.h">
      <Filter>Header Files</Filter>
    </ClInclude>
    <ClInclude Include="include\AudioSystem.h">
      <Filter>Header Files</Filter>
    </ClInclude>
    <ClInclude Include="include\SoundEvent.h">
      <Filter>Header Files</Filter>
    </ClInclude>
    <ClInclude Include="include\AudioComponent.h">
      <Filter>Header Files</Filter>
    </ClInclude>
    <ClInclude Include="include\InputSystem.h">
      <Filter>Header Files</Filter>
    </ClInclude>
    <ClInclude Include="include\KeyboardState.h">
      <Filter>Header Files</Filter>
    </ClInclude>
    <ClInclude Include="include\MouseState.h">
      <Filter>Header Files</Filter>
    </ClInclude>
    <ClInclude Include="include\ControllerState.h">
      <Filter>Header Files</Filter>
    </ClInclude>
    <ClInclude Include="include\InputObserver.h">
      <Filter>Header Files</Filter>
    </ClInclude>
    <ClInclude Include="include\Subject.h">
      <Filter>Header Files</Filter>
    </ClInclude>
    <ClInclude Include="include\ControlState.h">
      <Filter>Header Files</Filter>
    </ClInclude>
    <ClInclude Include="include\KeyboardControlState.h">
      <Filter>Header Files</Filter>
    </ClInclude>
    <ClInclude Include="include\ControllerControlState.h">
      <Filter>Header Files</Filter>
    </ClInclude>
    <ClInclude Include="include\CameraComponent.h">
      <Filter>Header Files</Filter>
    </ClInclude>
    <ClInclude Include="include\FPSCameraComponent.h">
      <Filter>Header Files</Filter>
    </ClInclude>
  </ItemGroup>
  <ItemGroup>
    <None Include="Shader\basic-vert.glsl" />
    <None Include="Shader\basic-frag.glsl" />
    <None Include="Shader\transform-vert.glsl" />
    <None Include="Shader\sprite-vert.glsl" />
    <None Include="Shader\sprite-frag.glsl" />
    <None Include="Shader\basic-mesh-vert.glsl" />
    <None Include="Shader\basic-mesh-frag.glsl" />
    <None Include="Shader\phong-vert.glsl" />
    <None Include="Shader\phong-frag.glsl" />
  </ItemGroup>
  <ItemGroup>
    <Text Include="Utils\action_map.txt" />
  </ItemGroup>
</Project>