<?xml version="1.0" encoding="utf-8"?>
<Project ToolsVersion="4.0" xmlns="http://schemas.microsoft.com/developer/msbuild/2003">
  <ItemGroup>
    <ClCompile Include="src\Enemy.cpp" />
    <ClCompile Include="src\RigidBodyComponent.cpp" />
    <ClCompile Include="src\JumpState.cpp" />
    <ClCompile Include="src\IdleState.cpp" />
    <ClCompile Include="src\GameObjectState.cpp" />
    <ClCompile Include="src\Enums.cpp" />
    <ClCompile Include="src\GameTree.cpp" />
    <ClCompile Include="src\NavComponent.cpp" />
    <ClCompile Include="src\Graph.cpp" />
    <ClCompile Include="src\AIAttack.cpp" />
    <ClCompile Include="src\AIDeath.cpp" />
    <ClCompile Include="src\AIPatrol.cpp" />
    <ClCompile Include="src\AIState.cpp" />
    <ClCompile Include="src\AIComponent.cpp" />
    <ClCompile Include="src\ICooldownable.cpp" />
    <ClCompile Include="src\CooldownManager.cpp" />
    <ClCompile Include="src\Laser.cpp" />
    <ClCompile Include="src\CircleComponent.cpp" />
    <ClCompile Include="src\InputComponent.cpp" />
    <ClCompile Include="src\Random.cpp" />
    <ClCompile Include="src\Asteroid.cpp" />
    <ClCompile Include="src\MoveComponent.cpp" />
    <ClCompile Include="src\Animation.cpp" />
    <ClCompile Include="src\EsstenialMath.cpp" />
    <ClCompile Include="src\Mario.cpp" />
    <ClCompile Include="src\BackgroundSpriteComponent.cpp" />
    <ClCompile Include="src\AnimatorComponent.cpp" />
    <ClCompile Include="src\CustomMath.cpp" />
    <ClCompile Include="src\SpriteComponent.cpp" />
    <ClCompile Include="src\Component.cpp" />
    <ClCompile Include="src\GameObject.cpp" />
    <ClCompile Include="src\Game.cpp" />
    <ClCompile Include="Source.cpp" />
    <ClCompile Include="src\TransformComponent.cpp" />
    <ClCompile Include="src\WalkState.cpp" />
    <ClCompile Include="src\TileDataComponent.cpp" />
    <ClCompile Include="src\Tile.cpp" />
    <ClCompile Include="src\TileMap.cpp" />
    <ClCompile Include="src\Unit.cpp" />
    <ClCompile Include="src\OrchidOwl.cpp" />
    <ClCompile Include="src\Health.cpp" />
    <ClCompile Include="src\Weapon.cpp" />
    <ClCompile Include="src\HurtState.cpp" />
    <ClCompile Include="src\DamagableState.cpp" />
    <ClCompile Include="src\AIDamagable.cpp" />
    <ClCompile Include="src\AIInjured.cpp" />
    <ClCompile Include="src\Martian.cpp" />
    <ClCompile Include="src\MrCircuit.cpp" />
    <ClCompile Include="src\Primitive.cpp" />
    <ClCompile Include="src\DeathState.cpp" />
  </ItemGroup>
  <ItemGroup>
    <ClInclude Include="include\Enemy.h" />
    <ClInclude Include="include\IdleState.h" />
    <ClInclude Include="include\GameObjectState.h" />
    <ClInclude Include="include\Enums.h" />
    <ClInclude Include="include\GameTree.h" />
    <ClInclude Include="include\Graph.h" />
    <ClInclude Include="include\AIAttack.h" />
    <ClInclude Include="include\AIDeath.h" />
    <ClInclude Include="include\AIPatrol.h" />
    <ClInclude Include="include\AIState.h" />
    <ClInclude Include="include\AIComponent.h" />
    <ClInclude Include="include\ICooldownable.h" />
    <ClInclude Include="include\CooldownManager.h" />
    <ClInclude Include="include\CircleComponent.h" />
    <ClInclude Include="include\Asteroid.h" />
    <ClInclude Include="include\Animation.h" />
    <ClInclude Include="include\EsstenialMath.h" />
    <ClInclude Include="include\BackgroundSpriteComponent.h" />
    <ClInclude Include="include\AnimatorComponent.h" />
    <ClInclude Include="include\Component.h" />
    <ClInclude Include="include\GameObject.h" />
    <ClInclude Include="include\Game.h" />
    <ClInclude Include="include\SpriteComponent.h" />
    <ClInclude Include="include\CustomMath.h" />
    <ClInclude Include="include\Mario.h" />
    <ClInclude Include="include\TransformComponent.h" />
    <ClInclude Include="include\MoveComponent.h" />
    <ClInclude Include="include\Random.h" />
    <ClInclude Include="include\InputComponent.h" />
    <ClInclude Include="include\Laser.h" />
    <ClInclude Include="include\WalkState.h" />
    <ClInclude Include="include\TileDataComponent.h" />
    <ClInclude Include="include\Tile.h" />
    <ClInclude Include="include\TileMap.h" />
    <ClInclude Include="include\JumpState.h" />
    <ClInclude Include="include\Unit.h" />
    <ClInclude Include="include\RigidBodyComponent.h" />
    <ClInclude Include="include\NavComponent.h" />
    <ClInclude Include="include\OrchidOwl.h" />
    <ClInclude Include="include\Health.h" />
    <ClInclude Include="include\Weapon.h" />
    <ClInclude Include="include\HurtState.h" />
    <ClInclude Include="include\DamagableState.h" />
    <ClInclude Include="include\AIDamagable.h" />
    <ClInclude Include="include\AIInjured.h" />
    <ClInclude Include="include\Martian.h" />
    <ClInclude Include="include\MrCircuit.h" />
    <ClCompile Include="Source.cpp">
      <Filter>Source Files</Filter>
    </ClCompile>
    <ClCompile Include="src\Game.cpp">
      <Filter>Source Files</Filter>
    </ClCompile>
    <ClCompile Include="src\GameObject.cpp">
      <Filter>Source Files</Filter>
    </ClCompile>
    <ClCompile Include="src\Component.cpp">
      <Filter>Source Files</Filter>
    </ClCompile>
    <ClCompile Include="src\SpriteComponent.cpp">
      <Filter>Source Files</Filter>
    </ClCompile>
    <ClCompile Include="src\CustomMath.cpp">
      <Filter>Source Files</Filter>
    </ClCompile>
    <ClCompile Include="src\AnimatorComponent.cpp">
      <Filter>Source Files</Filter>
    </ClCompile>
    <ClCompile Include="src\BackgroundSpriteComponent.cpp">
      <Filter>Source Files</Filter>
    </ClCompile>
    <ClCompile Include="src\Animation.cpp">
      <Filter>Source Files</Filter>
    </ClCompile>
    <ClInclude Include="include\Primitive.h" />
    <ClInclude Include="include\DeathState.h" />
  </ItemGroup>
  <ItemGroup>
    <ClInclude Include="include\Game.h">
      <Filter>Header Files</Filter>
    </ClInclude>
    <ClInclude Include="include\GameObject.h">
      <Filter>Header Files</Filter>
    </ClInclude>
    <ClInclude Include="include\Component.h">
      <Filter>Header Files</Filter>
    </ClInclude>
    <ClInclude Include="include\SpriteComponent.h">
      <Filter>Header Files</Filter>
    </ClInclude>
    <ClInclude Include="include\CustomMath.h">
      <Filter>Header Files</Filter>
    </ClInclude>
    <ClInclude Include="include\AnimatorComponent.h">
      <Filter>Header Files</Filter>
    </ClInclude>
    <ClInclude Include="include\BackgroundSpriteComponent.h">
      <Filter>Header Files</Filter>
    </ClInclude>
    <ClInclude Include="include\Animation.h">
      <Filter>Header Files</Filter>
    </ClInclude>
  </ItemGroup>
</Project>